
Microsoft Visual Studio Solution File, Format Version 12.00
# Visual Studio Version 17
VisualStudioVersion = 17.1.32319.34
MinimumVisualStudioVersion = 10.0.40219.1
Project("{FAE04EC0-301F-11D3-BF4B-00C04F79EFBC}") = "TestsGenerator", "TestsGenerator\TestsGenerator.csproj", "{002BDAE7-A230-4828-A4DE-ACA7444F570D}"
EndProject
Project("{FAE04EC0-301F-11D3-BF4B-00C04F79EFBC}") = "SPP_lab4", "SPP_lab4\SPP_lab4.csproj", "{B7685048-B870-4E5B-84B9-D4C026079973}"
EndProject
Project("{FAE04EC0-301F-11D3-BF4B-00C04F79EFBC}") = "Tests", "Tests\Tests.csproj", "{EBF32ECB-2AF5-463D-8E9F-0553946F370F}"
EndProject
Global
	GlobalSection(SolutionConfigurationPlatforms) = preSolution
		Debug|Any CPU = Debug|Any CPU
		Release|Any CPU = Release|Any CPU
	EndGlobalSection
	GlobalSection(ProjectConfigurationPlatforms) = postSolution
		{002BDAE7-A230-4828-A4DE-ACA7444F570D}.Debug|Any CPU.ActiveCfg = Debug|Any CPU
		{002BDAE7-A230-4828-A4DE-ACA7444F570D}.Debug|Any CPU.Build.0 = Debug|Any CPU
		{002BDAE7-A230-4828-A4DE-ACA7444F570D}.Release|Any CPU.ActiveCfg = Release|Any CPU
		{002BDAE7-A230-4828-A4DE-ACA7444F570D}.Release|Any CPU.Build.0 = Release|Any CPU
		{B7685048-B870-4E5B-84B9-D4C026079973}.Debug|Any CPU.ActiveCfg = Debug|Any CPU
		{B7685048-B870-4E5B-84B9-D4C026079973}.Debug|Any CPU.Build.0 = Debug|Any CPU
		{B7685048-B870-4E5B-84B9-D4C026079973}.Release|Any CPU.ActiveCfg = Release|Any CPU
		{B7685048-B870-4E5B-84B9-D4C026079973}.Release|Any CPU.Build.0 = Release|Any CPU
		{EBF32ECB-2AF5-463D-8E9F-0553946F370F}.Debug|Any CPU.ActiveCfg = Debug|Any CPU
		{EBF32ECB-2AF5-463D-8E9F-0553946F370F}.Debug|Any CPU.Build.0 = Debug|Any CPU
		{EBF32ECB-2AF5-463D-8E9F-0553946F370F}.Release|Any CPU.ActiveCfg = Release|Any CPU
		{EBF32ECB-2AF5-463D-8E9F-0553946F370F}.Release|Any CPU.Build.0 = Release|Any CPU
	EndGlobalSection
	GlobalSection(SolutionProperties) = preSolution
		HideSolutionNode = FALSE
	EndGlobalSection
	GlobalSection(ExtensibilityGlobals) = postSolution
		SolutionGuid = {984A8E6C-A9B4-4183-8C10-2153CDEAC333}
	EndGlobalSection
EndGlobal
